
Microsoft Visual Studio Solution File, Format Version 12.00
# Visual Studio 15
VisualStudioVersion = 15.0.27428.2037
MinimumVisualStudioVersion = 10.0.40219.1
Project("{888888A0-9F3D-457C-B088-3A5042F75D52}") = "ArcpyApplication", "ArcpyApplication.pyproj", "{D88B28AA-397F-4648-AA2D-06ADCC77431D}"
EndProject
Project("{888888A0-9F3D-457C-B088-3A5042F75D52}") = "PythonToolbox", "..\PythonToolbox\PythonToolbox.pyproj", "{8C39A057-B8F4-437E-BE5A-AA29EAA512A4}"
EndProject
Project("{2150E333-8FDC-42A3-9474-1A3956D46DE8}") = "Solution Items", "Solution Items", "{98DEFF0B-EBD4-4AB9-B3B7-8623C76FE0A1}"
	ProjectSection(SolutionItems) = preProject
		LICENSE = LICENSE
		PreviewImage.png = PreviewImage.png
		README.md = README.md
		TemplateIcon.png = TemplateIcon.png
	EndProjectSection
EndProject
Global
	GlobalSection(SolutionConfigurationPlatforms) = preSolution
		Debug|Any CPU = Debug|Any CPU
		Release|Any CPU = Release|Any CPU
	EndGlobalSection
	GlobalSection(ProjectConfigurationPlatforms) = postSolution
		{D88B28AA-397F-4648-AA2D-06ADCC77431D}.Debug|Any CPU.ActiveCfg = Debug|Any CPU
		{D88B28AA-397F-4648-AA2D-06ADCC77431D}.Release|Any CPU.ActiveCfg = Release|Any CPU
		{8C39A057-B8F4-437E-BE5A-AA29EAA512A4}.Debug|Any CPU.ActiveCfg = Debug|Any CPU
		{8C39A057-B8F4-437E-BE5A-AA29EAA512A4}.Release|Any CPU.ActiveCfg = Release|Any CPU
	EndGlobalSection
	GlobalSection(SolutionProperties) = preSolution
		HideSolutionNode = FALSE
	EndGlobalSection
	GlobalSection(ExtensibilityGlobals) = postSolution
		SolutionGuid = {F30671B6-250B-4D33-8618-12507FDF373D}
	EndGlobalSection
EndGlobal
